// !$*UTF8*$!
{
	archiveVersion = 1;
	classes = {
	};
	objectVersion = 56;
	objects = {

/* Begin PBXBuildFile section */
		813F2732290C5C64009AFDD4 /* AppDelegate.swift in Sources */ = {isa = PBXBuildFile; fileRef = 813F2731290C5C64009AFDD4 /* AppDelegate.swift */; };
		813F2734290C5C64009AFDD4 /* SceneDelegate.swift in Sources */ = {isa = PBXBuildFile; fileRef = 813F2733290C5C64009AFDD4 /* SceneDelegate.swift */; };
		813F273B290C5C65009AFDD4 /* Assets.xcassets in Resources */ = {isa = PBXBuildFile; fileRef = 813F273A290C5C65009AFDD4 /* Assets.xcassets */; };
		813F273E290C5C65009AFDD4 /* LaunchScreen.storyboard in Resources */ = {isa = PBXBuildFile; fileRef = 813F273C290C5C65009AFDD4 /* LaunchScreen.storyboard */; };
		813F2748290C5D44009AFDD4 /* LoginScreen.swift in Sources */ = {isa = PBXBuildFile; fileRef = 813F2747290C5D44009AFDD4 /* LoginScreen.swift */; };
		813F274A290C636D009AFDD4 /* LoginViewController.swift in Sources */ = {isa = PBXBuildFile; fileRef = 813F2749290C636D009AFDD4 /* LoginViewController.swift */; };
		813F274D290C6AE7009AFDD4 /* ViewCodable.swift in Sources */ = {isa = PBXBuildFile; fileRef = 813F274C290C6AE7009AFDD4 /* ViewCodable.swift */; };
		816C04872911BFB7007AFAA0 /* AuthService.swift in Sources */ = {isa = PBXBuildFile; fileRef = 816C04862911BFB7007AFAA0 /* AuthService.swift */; };
		818AB8592912A2B7002F52F8 /* CarsViewCell.swift in Sources */ = {isa = PBXBuildFile; fileRef = 818AB8582912A2B7002F52F8 /* CarsViewCell.swift */; };
		818AB85B2912A752002F52F8 /* CarModel.swift in Sources */ = {isa = PBXBuildFile; fileRef = 818AB85A2912A752002F52F8 /* CarModel.swift */; };
		818AB85E2912AB9C002F52F8 /* HomeViewController.swift in Sources */ = {isa = PBXBuildFile; fileRef = 818AB85D2912AB9C002F52F8 /* HomeViewController.swift */; };
		818AB8602912ABAC002F52F8 /* HomeScreen.swift in Sources */ = {isa = PBXBuildFile; fileRef = 818AB85F2912ABAC002F52F8 /* HomeScreen.swift */; };
		818AB862291318CD002F52F8 /* CarDetailViewController.swift in Sources */ = {isa = PBXBuildFile; fileRef = 818AB861291318CD002F52F8 /* CarDetailViewController.swift */; };
		818AB86429131DB3002F52F8 /* CarDetailScreen.swift in Sources */ = {isa = PBXBuildFile; fileRef = 818AB86329131DB3002F52F8 /* CarDetailScreen.swift */; };
		81BA5F912910941B00E61B21 /* Service.swift in Sources */ = {isa = PBXBuildFile; fileRef = 81BA5F902910941B00E61B21 /* Service.swift */; };
		81BA5F932910A02800E61B21 /* UserModel.swift in Sources */ = {isa = PBXBuildFile; fileRef = 81BA5F922910A02800E61B21 /* UserModel.swift */; };
/* End PBXBuildFile section */

/* Begin PBXFileReference section */
		813F272E290C5C64009AFDD4 /* Cars Test BRQ.app */ = {isa = PBXFileReference; explicitFileType = wrapper.application; includeInIndex = 0; path = "Cars Test BRQ.app"; sourceTree = BUILT_PRODUCTS_DIR; };
		813F2731290C5C64009AFDD4 /* AppDelegate.swift */ = {isa = PBXFileReference; lastKnownFileType = sourcecode.swift; path = AppDelegate.swift; sourceTree = "<group>"; };
		813F2733290C5C64009AFDD4 /* SceneDelegate.swift */ = {isa = PBXFileReference; lastKnownFileType = sourcecode.swift; path = SceneDelegate.swift; sourceTree = "<group>"; };
		813F273A290C5C65009AFDD4 /* Assets.xcassets */ = {isa = PBXFileReference; lastKnownFileType = folder.assetcatalog; path = Assets.xcassets; sourceTree = "<group>"; };
		813F273D290C5C65009AFDD4 /* Base */ = {isa = PBXFileReference; lastKnownFileType = file.storyboard; name = Base; path = Base.lproj/LaunchScreen.storyboard; sourceTree = "<group>"; };
		813F273F290C5C65009AFDD4 /* Info.plist */ = {isa = PBXFileReference; lastKnownFileType = text.plist.xml; path = Info.plist; sourceTree = "<group>"; };
		813F2747290C5D44009AFDD4 /* LoginScreen.swift */ = {isa = PBXFileReference; lastKnownFileType = sourcecode.swift; path = LoginScreen.swift; sourceTree = "<group>"; };
		813F2749290C636D009AFDD4 /* LoginViewController.swift */ = {isa = PBXFileReference; lastKnownFileType = sourcecode.swift; path = LoginViewController.swift; sourceTree = "<group>"; };
		813F274C290C6AE7009AFDD4 /* ViewCodable.swift */ = {isa = PBXFileReference; lastKnownFileType = sourcecode.swift; path = ViewCodable.swift; sourceTree = "<group>"; };
		816C04862911BFB7007AFAA0 /* AuthService.swift */ = {isa = PBXFileReference; lastKnownFileType = sourcecode.swift; path = AuthService.swift; sourceTree = "<group>"; };
		818AB8582912A2B7002F52F8 /* CarsViewCell.swift */ = {isa = PBXFileReference; lastKnownFileType = sourcecode.swift; path = CarsViewCell.swift; sourceTree = "<group>"; };
		818AB85A2912A752002F52F8 /* CarModel.swift */ = {isa = PBXFileReference; lastKnownFileType = sourcecode.swift; path = CarModel.swift; sourceTree = "<group>"; };
		818AB85D2912AB9C002F52F8 /* HomeViewController.swift */ = {isa = PBXFileReference; lastKnownFileType = sourcecode.swift; path = HomeViewController.swift; sourceTree = "<group>"; };
		818AB85F2912ABAC002F52F8 /* HomeScreen.swift */ = {isa = PBXFileReference; lastKnownFileType = sourcecode.swift; path = HomeScreen.swift; sourceTree = "<group>"; };
		818AB861291318CD002F52F8 /* CarDetailViewController.swift */ = {isa = PBXFileReference; lastKnownFileType = sourcecode.swift; path = CarDetailViewController.swift; sourceTree = "<group>"; };
		818AB86329131DB3002F52F8 /* CarDetailScreen.swift */ = {isa = PBXFileReference; lastKnownFileType = sourcecode.swift; path = CarDetailScreen.swift; sourceTree = "<group>"; };
		81BA5F902910941B00E61B21 /* Service.swift */ = {isa = PBXFileReference; lastKnownFileType = sourcecode.swift; path = Service.swift; sourceTree = "<group>"; };
		81BA5F922910A02800E61B21 /* UserModel.swift */ = {isa = PBXFileReference; lastKnownFileType = sourcecode.swift; path = UserModel.swift; sourceTree = "<group>"; };
/* End PBXFileReference section */

/* Begin PBXFrameworksBuildPhase section */
		813F272B290C5C64009AFDD4 /* Frameworks */ = {
			isa = PBXFrameworksBuildPhase;
			buildActionMask = 2147483647;
			files = (
			);
			runOnlyForDeploymentPostprocessing = 0;
		};
/* End PBXFrameworksBuildPhase section */

/* Begin PBXGroup section */
		813F2725290C5C64009AFDD4 = {
			isa = PBXGroup;
			children = (
				813F2730290C5C64009AFDD4 /* Cars Test BRQ */,
				813F272F290C5C64009AFDD4 /* Products */,
			);
			sourceTree = "<group>";
		};
		813F272F290C5C64009AFDD4 /* Products */ = {
			isa = PBXGroup;
			children = (
				813F272E290C5C64009AFDD4 /* Cars Test BRQ.app */,
			);
			name = Products;
			sourceTree = "<group>";
		};
		813F2730290C5C64009AFDD4 /* Cars Test BRQ */ = {
			isa = PBXGroup;
			children = (
				818AB8652913280B002F52F8 /* Detail */,
				818AB85C2912AB80002F52F8 /* Home */,
				818AB8532912A241002F52F8 /* CarList */,
				813F274B290C6AD9009AFDD4 /* Components */,
				818AB866291329AB002F52F8 /* Login */,
				818AB868291329C1002F52F8 /* Model */,
				818AB867291329B7002F52F8 /* Service */,
				813F273A290C5C65009AFDD4 /* Assets.xcassets */,
				813F273F290C5C65009AFDD4 /* Info.plist */,
				813F273C290C5C65009AFDD4 /* LaunchScreen.storyboard */,
				813F2733290C5C64009AFDD4 /* SceneDelegate.swift */,
				813F2731290C5C64009AFDD4 /* AppDelegate.swift */,
			);
			path = "Cars Test BRQ";
			sourceTree = "<group>";
		};
		813F274B290C6AD9009AFDD4 /* Components */ = {
			isa = PBXGroup;
			children = (
				813F274C290C6AE7009AFDD4 /* ViewCodable.swift */,
			);
			path = Components;
			sourceTree = "<group>";
		};
		818AB8532912A241002F52F8 /* CarList */ = {
			isa = PBXGroup;
			children = (
				818AB8582912A2B7002F52F8 /* CarsViewCell.swift */,
			);
			path = CarList;
			sourceTree = "<group>";
		};
		818AB85C2912AB80002F52F8 /* Home */ = {
			isa = PBXGroup;
			children = (
				818AB85D2912AB9C002F52F8 /* HomeViewController.swift */,
				818AB85F2912ABAC002F52F8 /* HomeScreen.swift */,
			);
			path = Home;
			sourceTree = "<group>";
		};
		818AB8652913280B002F52F8 /* Detail */ = {
			isa = PBXGroup;
			children = (
				818AB86329131DB3002F52F8 /* CarDetailScreen.swift */,
				818AB861291318CD002F52F8 /* CarDetailViewController.swift */,
			);
			path = Detail;
			sourceTree = "<group>";
		};
		818AB866291329AB002F52F8 /* Login */ = {
			isa = PBXGroup;
			children = (
				813F2747290C5D44009AFDD4 /* LoginScreen.swift */,
				813F2749290C636D009AFDD4 /* LoginViewController.swift */,
			);
			path = Login;
			sourceTree = "<group>";
		};
		818AB867291329B7002F52F8 /* Service */ = {
			isa = PBXGroup;
			children = (
				81BA5F902910941B00E61B21 /* Service.swift */,
				816C04862911BFB7007AFAA0 /* AuthService.swift */,
			);
			path = Service;
			sourceTree = "<group>";
		};
		818AB868291329C1002F52F8 /* Model */ = {
			isa = PBXGroup;
			children = (
				81BA5F922910A02800E61B21 /* UserModel.swift */,
				818AB85A2912A752002F52F8 /* CarModel.swift */,
			);
			path = Model;
			sourceTree = "<group>";
		};
/* End PBXGroup section */

/* Begin PBXNativeTarget section */
		813F272D290C5C64009AFDD4 /* Cars Test BRQ */ = {
			isa = PBXNativeTarget;
			buildConfigurationList = 813F2742290C5C65009AFDD4 /* Build configuration list for PBXNativeTarget "Cars Test BRQ" */;
			buildPhases = (
				813F272A290C5C64009AFDD4 /* Sources */,
				813F272B290C5C64009AFDD4 /* Frameworks */,
				813F272C290C5C64009AFDD4 /* Resources */,
			);
			buildRules = (
			);
			dependencies = (
			);
			name = "Cars Test BRQ";
			productName = "Cars Test BRQ";
			productReference = 813F272E290C5C64009AFDD4 /* Cars Test BRQ.app */;
			productType = "com.apple.product-type.application";
		};
/* End PBXNativeTarget section */

/* Begin PBXProject section */
		813F2726290C5C64009AFDD4 /* Project object */ = {
			isa = PBXProject;
			attributes = {
				BuildIndependentTargetsInParallel = 1;
				LastSwiftUpdateCheck = 1400;
				LastUpgradeCheck = 1400;
				TargetAttributes = {
					813F272D290C5C64009AFDD4 = {
						CreatedOnToolsVersion = 14.0;
					};
				};
			};
			buildConfigurationList = 813F2729290C5C64009AFDD4 /* Build configuration list for PBXProject "Cars Test BRQ" */;
			compatibilityVersion = "Xcode 14.0";
			developmentRegion = en;
			hasScannedForEncodings = 0;
			knownRegions = (
				en,
				Base,
			);
			mainGroup = 813F2725290C5C64009AFDD4;
			productRefGroup = 813F272F290C5C64009AFDD4 /* Products */;
			projectDirPath = "";
			projectRoot = "";
			targets = (
				813F272D290C5C64009AFDD4 /* Cars Test BRQ */,
			);
		};
/* End PBXProject section */

/* Begin PBXResourcesBuildPhase section */
		813F272C290C5C64009AFDD4 /* Resources */ = {
			isa = PBXResourcesBuildPhase;
			buildActionMask = 2147483647;
			files = (
				813F273E290C5C65009AFDD4 /* LaunchScreen.storyboard in Resources */,
				813F273B290C5C65009AFDD4 /* Assets.xcassets in Resources */,
			);
			runOnlyForDeploymentPostprocessing = 0;
		};
/* End PBXResourcesBuildPhase section */

/* Begin PBXSourcesBuildPhase section */
		813F272A290C5C64009AFDD4 /* Sources */ = {
			isa = PBXSourcesBuildPhase;
			buildActionMask = 2147483647;
			files = (
				813F274D290C6AE7009AFDD4 /* ViewCodable.swift in Sources */,
				818AB862291318CD002F52F8 /* CarDetailViewController.swift in Sources */,
				818AB8602912ABAC002F52F8 /* HomeScreen.swift in Sources */,
				81BA5F932910A02800E61B21 /* UserModel.swift in Sources */,
				813F274A290C636D009AFDD4 /* LoginViewController.swift in Sources */,
				813F2748290C5D44009AFDD4 /* LoginScreen.swift in Sources */,
				813F2732290C5C64009AFDD4 /* AppDelegate.swift in Sources */,
				818AB8592912A2B7002F52F8 /* CarsViewCell.swift in Sources */,
				818AB85B2912A752002F52F8 /* CarModel.swift in Sources */,
				813F2734290C5C64009AFDD4 /* SceneDelegate.swift in Sources */,
				81BA5F912910941B00E61B21 /* Service.swift in Sources */,
				818AB86429131DB3002F52F8 /* CarDetailScreen.swift in Sources */,
				818AB85E2912AB9C002F52F8 /* HomeViewController.swift in Sources */,
				816C04872911BFB7007AFAA0 /* AuthService.swift in Sources */,
			);
			runOnlyForDeploymentPostprocessing = 0;
		};
/* End PBXSourcesBuildPhase section */

/* Begin PBXVariantGroup section */
		813F273C290C5C65009AFDD4 /* LaunchScreen.storyboard */ = {
			isa = PBXVariantGroup;
			children = (
				813F273D290C5C65009AFDD4 /* Base */,
			);
			name = LaunchScreen.storyboard;
			sourceTree = "<group>";
		};
/* End PBXVariantGroup section */

/* Begin XCBuildConfiguration section */
		813F2740290C5C65009AFDD4 /* Debug */ = {
			isa = XCBuildConfiguration;
			buildSettings = {
				ALWAYS_SEARCH_USER_PATHS = NO;
				CLANG_ANALYZER_NONNULL = YES;
				CLANG_ANALYZER_NUMBER_OBJECT_CONVERSION = YES_AGGRESSIVE;
				CLANG_CXX_LANGUAGE_STANDARD = "gnu++20";
				CLANG_ENABLE_MODULES = YES;
				CLANG_ENABLE_OBJC_ARC = YES;
				CLANG_ENABLE_OBJC_WEAK = YES;
				CLANG_WARN_BLOCK_CAPTURE_AUTORELEASING = YES;
				CLANG_WARN_BOOL_CONVERSION = YES;
				CLANG_WARN_COMMA = YES;
				CLANG_WARN_CONSTANT_CONVERSION = YES;
				CLANG_WARN_DEPRECATED_OBJC_IMPLEMENTATIONS = YES;
				CLANG_WARN_DIRECT_OBJC_ISA_USAGE = YES_ERROR;
				CLANG_WARN_DOCUMENTATION_COMMENTS = YES;
				CLANG_WARN_EMPTY_BODY = YES;
				CLANG_WARN_ENUM_CONVERSION = YES;
				CLANG_WARN_INFINITE_RECURSION = YES;
				CLANG_WARN_INT_CONVERSION = YES;
				CLANG_WARN_NON_LITERAL_NULL_CONVERSION = YES;
				CLANG_WARN_OBJC_IMPLICIT_RETAIN_SELF = YES;
				CLANG_WARN_OBJC_LITERAL_CONVERSION = YES;
				CLANG_WARN_OBJC_ROOT_CLASS = YES_ERROR;
				CLANG_WARN_QUOTED_INCLUDE_IN_FRAMEWORK_HEADER = YES;
				CLANG_WARN_RANGE_LOOP_ANALYSIS = YES;
				CLANG_WARN_STRICT_PROTOTYPES = YES;
				CLANG_WARN_SUSPICIOUS_MOVE = YES;
				CLANG_WARN_UNGUARDED_AVAILABILITY = YES_AGGRESSIVE;
				CLANG_WARN_UNREACHABLE_CODE = YES;
				CLANG_WARN__DUPLICATE_METHOD_MATCH = YES;
				COPY_PHASE_STRIP = NO;
				DEBUG_INFORMATION_FORMAT = dwarf;
				ENABLE_STRICT_OBJC_MSGSEND = YES;
				ENABLE_TESTABILITY = YES;
				GCC_C_LANGUAGE_STANDARD = gnu11;
				GCC_DYNAMIC_NO_PIC = NO;
				GCC_NO_COMMON_BLOCKS = YES;
				GCC_OPTIMIZATION_LEVEL = 0;
				GCC_PREPROCESSOR_DEFINITIONS = (
					"DEBUG=1",
					"$(inherited)",
				);
				GCC_WARN_64_TO_32_BIT_CONVERSION = YES;
				GCC_WARN_ABOUT_RETURN_TYPE = YES_ERROR;
				GCC_WARN_UNDECLARED_SELECTOR = YES;
				GCC_WARN_UNINITIALIZED_AUTOS = YES_AGGRESSIVE;
				GCC_WARN_UNUSED_FUNCTION = YES;
				GCC_WARN_UNUSED_VARIABLE = YES;
				IPHONEOS_DEPLOYMENT_TARGET = 16.0;
				MTL_ENABLE_DEBUG_INFO = INCLUDE_SOURCE;
				MTL_FAST_MATH = YES;
				ONLY_ACTIVE_ARCH = YES;
				SDKROOT = iphoneos;
				SWIFT_ACTIVE_COMPILATION_CONDITIONS = DEBUG;
				SWIFT_OPTIMIZATION_LEVEL = "-Onone";
			};
			name = Debug;
		};
		813F2741290C5C65009AFDD4 /* Release */ = {
			isa = XCBuildConfiguration;
			buildSettings = {
				ALWAYS_SEARCH_USER_PATHS = NO;
				CLANG_ANALYZER_NONNULL = YES;
				CLANG_ANALYZER_NUMBER_OBJECT_CONVERSION = YES_AGGRESSIVE;
				CLANG_CXX_LANGUAGE_STANDARD = "gnu++20";
				CLANG_ENABLE_MODULES = YES;
				CLANG_ENABLE_OBJC_ARC = YES;
				CLANG_ENABLE_OBJC_WEAK = YES;
				CLANG_WARN_BLOCK_CAPTURE_AUTORELEASING = YES;
				CLANG_WARN_BOOL_CONVERSION = YES;
				CLANG_WARN_COMMA = YES;
				CLANG_WARN_CONSTANT_CONVERSION = YES;
				CLANG_WARN_DEPRECATED_OBJC_IMPLEMENTATIONS = YES;
				CLANG_WARN_DIRECT_OBJC_ISA_USAGE = YES_ERROR;
				CLANG_WARN_DOCUMENTATION_COMMENTS = YES;
				CLANG_WARN_EMPTY_BODY = YES;
				CLANG_WARN_ENUM_CONVERSION = YES;
				CLANG_WARN_INFINITE_RECURSION = YES;
				CLANG_WARN_INT_CONVERSION = YES;
				CLANG_WARN_NON_LITERAL_NULL_CONVERSION = YES;
				CLANG_WARN_OBJC_IMPLICIT_RETAIN_SELF = YES;
				CLANG_WARN_OBJC_LITERAL_CONVERSION = YES;
				CLANG_WARN_OBJC_ROOT_CLASS = YES_ERROR;
				CLANG_WARN_QUOTED_INCLUDE_IN_FRAMEWORK_HEADER = YES;
				CLANG_WARN_RANGE_LOOP_ANALYSIS = YES;
				CLANG_WARN_STRICT_PROTOTYPES = YES;
				CLANG_WARN_SUSPICIOUS_MOVE = YES;
				CLANG_WARN_UNGUARDED_AVAILABILITY = YES_AGGRESSIVE;
				CLANG_WARN_UNREACHABLE_CODE = YES;
				CLANG_WARN__DUPLICATE_METHOD_MATCH = YES;
				COPY_PHASE_STRIP = NO;
				DEBUG_INFORMATION_FORMAT = "dwarf-with-dsym";
				ENABLE_NS_ASSERTIONS = NO;
				ENABLE_STRICT_OBJC_MSGSEND = YES;
				GCC_C_LANGUAGE_STANDARD = gnu11;
				GCC_NO_COMMON_BLOCKS = YES;
				GCC_WARN_64_TO_32_BIT_CONVERSION = YES;
				GCC_WARN_ABOUT_RETURN_TYPE = YES_ERROR;
				GCC_WARN_UNDECLARED_SELECTOR = YES;
				GCC_WARN_UNINITIALIZED_AUTOS = YES_AGGRESSIVE;
				GCC_WARN_UNUSED_FUNCTION = YES;
				GCC_WARN_UNUSED_VARIABLE = YES;
				IPHONEOS_DEPLOYMENT_TARGET = 16.0;
				MTL_ENABLE_DEBUG_INFO = NO;
				MTL_FAST_MATH = YES;
				SDKROOT = iphoneos;
				SWIFT_COMPILATION_MODE = wholemodule;
				SWIFT_OPTIMIZATION_LEVEL = "-O";
				VALIDATE_PRODUCT = YES;
			};
			name = Release;
		};
		813F2743290C5C65009AFDD4 /* Debug */ = {
			isa = XCBuildConfiguration;
			buildSettings = {
				ASSETCATALOG_COMPILER_APPICON_NAME = AppIcon;
				ASSETCATALOG_COMPILER_GLOBAL_ACCENT_COLOR_NAME = AccentColor;
				CODE_SIGN_STYLE = Automatic;
				CURRENT_PROJECT_VERSION = 1;
				DEVELOPMENT_TEAM = AL5XP3TRB5;
				GENERATE_INFOPLIST_FILE = YES;
				INFOPLIST_FILE = "Cars Test BRQ/Info.plist";
				INFOPLIST_KEY_UIApplicationSupportsIndirectInputEvents = YES;
				INFOPLIST_KEY_UILaunchStoryboardName = LaunchScreen;
				INFOPLIST_KEY_UISupportedInterfaceOrientations_iPad = "UIInterfaceOrientationPortrait UIInterfaceOrientationPortraitUpsideDown UIInterfaceOrientationLandscapeLeft UIInterfaceOrientationLandscapeRight";
				INFOPLIST_KEY_UISupportedInterfaceOrientations_iPhone = "UIInterfaceOrientationPortrait UIInterfaceOrientationLandscapeLeft UIInterfaceOrientationLandscapeRight";
				LD_RUNPATH_SEARCH_PATHS = (
					"$(inherited)",
					"@executable_path/Frameworks",
				);
				MARKETING_VERSION = 1.0;
				PRODUCT_BUNDLE_IDENTIFIER = "ViniciusBin.Cars-Test-BRQ";
				PRODUCT_NAME = "$(TARGET_NAME)";
				SWIFT_EMIT_LOC_STRINGS = YES;
				SWIFT_VERSION = 5.0;
				TARGETED_DEVICE_FAMILY = "1,2";
			};
			name = Debug;
		};
		813F2744290C5C65009AFDD4 /* Release */ = {
			isa = XCBuildConfiguration;
			buildSettings = {
				ASSETCATALOG_COMPILER_APPICON_NAME = AppIcon;
				ASSETCATALOG_COMPILER_GLOBAL_ACCENT_COLOR_NAME = AccentColor;
				CODE_SIGN_STYLE = Automatic;
				CURRENT_PROJECT_VERSION = 1;
				DEVELOPMENT_TEAM = AL5XP3TRB5;
				GENERATE_INFOPLIST_FILE = YES;
				INFOPLIST_FILE = "Cars Test BRQ/Info.plist";
				INFOPLIST_KEY_UIApplicationSupportsIndirectInputEvents = YES;
				INFOPLIST_KEY_UILaunchStoryboardName = LaunchScreen;
				INFOPLIST_KEY_UISupportedInterfaceOrientations_iPad = "UIInterfaceOrientationPortrait UIInterfaceOrientationPortraitUpsideDown UIInterfaceOrientationLandscapeLeft UIInterfaceOrientationLandscapeRight";
				INFOPLIST_KEY_UISupportedInterfaceOrientations_iPhone = "UIInterfaceOrientationPortrait UIInterfaceOrientationLandscapeLeft UIInterfaceOrientationLandscapeRight";
				LD_RUNPATH_SEARCH_PATHS = (
					"$(inherited)",
					"@executable_path/Frameworks",
				);
				MARKETING_VERSION = 1.0;
				PRODUCT_BUNDLE_IDENTIFIER = "ViniciusBin.Cars-Test-BRQ";
				PRODUCT_NAME = "$(TARGET_NAME)";
				SWIFT_EMIT_LOC_STRINGS = YES;
				SWIFT_VERSION = 5.0;
				TARGETED_DEVICE_FAMILY = "1,2";
			};
			name = Release;
		};
/* End XCBuildConfiguration section */

/* Begin XCConfigurationList section */
		813F2729290C5C64009AFDD4 /* Build configuration list for PBXProject "Cars Test BRQ" */ = {
			isa = XCConfigurationList;
			buildConfigurations = (
				813F2740290C5C65009AFDD4 /* Debug */,
				813F2741290C5C65009AFDD4 /* Release */,
			);
			defaultConfigurationIsVisible = 0;
			defaultConfigurationName = Release;
		};
		813F2742290C5C65009AFDD4 /* Build configuration list for PBXNativeTarget "Cars Test BRQ" */ = {
			isa = XCConfigurationList;
			buildConfigurations = (
				813F2743290C5C65009AFDD4 /* Debug */,
				813F2744290C5C65009AFDD4 /* Release */,
			);
			defaultConfigurationIsVisible = 0;
			defaultConfigurationName = Release;
		};
/* End XCConfigurationList section */
	};
	rootObject = 813F2726290C5C64009AFDD4 /* Project object */;
}
